// !$*UTF8*$!
{
	archiveVersion = 1;
	classes = {
	};
	objectVersion = 48;
	objects = {

/* Begin PBXBuildFile section */
		37A44E69D6A8026C27B2BC26 /* Pods_Revels_18.framework in Frameworks */ = {isa = PBXBuildFile; fileRef = 9F3169E0A72D3AC9F0C64F1E /* Pods_Revels_18.framework */; };
		B10141ED1FDD06C40048B540 /* HomePage.swift in Sources */ = {isa = PBXBuildFile; fileRef = B10141EC1FDD06C40048B540 /* HomePage.swift */; };
		B1044B821FE24986001141B7 /* Media.xcassets in Resources */ = {isa = PBXBuildFile; fileRef = B1044B811FE24986001141B7 /* Media.xcassets */; };
		B111C98D1FD31C95005DB863 /* CacheCheck.swift in Sources */ = {isa = PBXBuildFile; fileRef = B111C98C1FD31C95005DB863 /* CacheCheck.swift */; };
		B12C152D1FE4E14D0062461F /* HomeHeaderCell.swift in Sources */ = {isa = PBXBuildFile; fileRef = B12C152C1FE4E14D0062461F /* HomeHeaderCell.swift */; };
		B12C152F1FE5753A0062461F /* DevelopersPage.swift in Sources */ = {isa = PBXBuildFile; fileRef = B12C152E1FE5753A0062461F /* DevelopersPage.swift */; };
		B12C15311FE5757E0062461F /* DevelopersModel.swift in Sources */ = {isa = PBXBuildFile; fileRef = B12C15301FE5757E0062461F /* DevelopersModel.swift */; };
		B12C15331FE578AF0062461F /* DeveloperCell.swift in Sources */ = {isa = PBXBuildFile; fileRef = B12C15321FE578AF0062461F /* DeveloperCell.swift */; };
		B13787741FD28A8C00B7120D /* AboutViewCell.swift in Sources */ = {isa = PBXBuildFile; fileRef = B13787731FD28A8C00B7120D /* AboutViewCell.swift */; };
		B14DB3741FEDF5310065CDD8 /* CategoriesPage.swift in Sources */ = {isa = PBXBuildFile; fileRef = B14DB3731FEDF5310065CDD8 /* CategoriesPage.swift */; };
		B15814E61FF8C99D00A362D7 /* EmptyView.xib in Resources */ = {isa = PBXBuildFile; fileRef = B15814E51FF8C99D00A362D7 /* EmptyView.xib */; };
		B15814E81FF8C9B500A362D7 /* NoInternetView.xib in Resources */ = {isa = PBXBuildFile; fileRef = B15814E71FF8C9B500A362D7 /* NoInternetView.xib */; };
		B163159C1FDFAB2400D2B428 /* ResultsPage.swift in Sources */ = {isa = PBXBuildFile; fileRef = B163159B1FDFAB2400D2B428 /* ResultsPage.swift */; };
		B17E7E341FF87823009F3950 /* InstaCell.xib in Resources */ = {isa = PBXBuildFile; fileRef = B17E7E331FF87823009F3950 /* InstaCell.xib */; };
		B18FF8601FDC0A3300BC47E7 /* NewHomeViewCell.swift in Sources */ = {isa = PBXBuildFile; fileRef = B18FF85F1FDC0A3300BC47E7 /* NewHomeViewCell.swift */; };
		B196F2FE1FD592BF0004ECB3 /* ScheduleNetworking.swift in Sources */ = {isa = PBXBuildFile; fileRef = B196F2FD1FD592BF0004ECB3 /* ScheduleNetworking.swift */; };
		B196F3021FD597F00004ECB3 /* SchedulePage.swift in Sources */ = {isa = PBXBuildFile; fileRef = B196F3011FD597F00004ECB3 /* SchedulePage.swift */; };
		B1993B7D1FE3EEB30036EA66 /* ViewController.swift in Sources */ = {isa = PBXBuildFile; fileRef = B1993B7C1FE3EEB30036EA66 /* ViewController.swift */; };
		B1A736E21FD0275C0089CF78 /* LandingPageViewController.swift in Sources */ = {isa = PBXBuildFile; fileRef = B1A736E11FD0275C0089CF78 /* LandingPageViewController.swift */; };
		B1B685B01FD0EEDB002EC13F /* EventsNetworking.swift in Sources */ = {isa = PBXBuildFile; fileRef = B1B685AF1FD0EEDB002EC13F /* EventsNetworking.swift */; };
		B1BB5CAF1FDFF9DC00FE2CC3 /* ResultsCell.swift in Sources */ = {isa = PBXBuildFile; fileRef = B1BB5CAE1FDFF9DC00FE2CC3 /* ResultsCell.swift */; };
		B1BB5CB11FE00A7A00FE2CC3 /* ResultsNetworking.swift in Sources */ = {isa = PBXBuildFile; fileRef = B1BB5CB01FE00A7A00FE2CC3 /* ResultsNetworking.swift */; };
		B1C4EEA11FDAD52900D6359D /* HomeViewCell.swift in Sources */ = {isa = PBXBuildFile; fileRef = B1C4EEA01FDAD52900D6359D /* HomeViewCell.swift */; };
		B1D3CB7E1FCEB55300E8AD7A /* AppDelegate.swift in Sources */ = {isa = PBXBuildFile; fileRef = B1D3CB7D1FCEB55300E8AD7A /* AppDelegate.swift */; };
		B1D3CB831FCEB55300E8AD7A /* Main.storyboard in Resources */ = {isa = PBXBuildFile; fileRef = B1D3CB811FCEB55300E8AD7A /* Main.storyboard */; };
		B1D3CB861FCEB55300E8AD7A /* Revels_18.xcdatamodeld in Sources */ = {isa = PBXBuildFile; fileRef = B1D3CB841FCEB55300E8AD7A /* Revels_18.xcdatamodeld */; };
		B1D3CB8B1FCEB55300E8AD7A /* LaunchScreen.storyboard in Resources */ = {isa = PBXBuildFile; fileRef = B1D3CB891FCEB55300E8AD7A /* LaunchScreen.storyboard */; };
		B1DC0D611FD0E46A0041DBB9 /* EventsModel.swift in Sources */ = {isa = PBXBuildFile; fileRef = B1DC0D601FD0E46A0041DBB9 /* EventsModel.swift */; };
		B1E49F1B1FD66AFD00521661 /* ScheduleCell.swift in Sources */ = {isa = PBXBuildFile; fileRef = B1E49F1A1FD66AFD00521661 /* ScheduleCell.swift */; };
		B1E49F1D1FD6C01B00521661 /* AboutRevelsPage.swift in Sources */ = {isa = PBXBuildFile; fileRef = B1E49F1C1FD6C01B00521661 /* AboutRevelsPage.swift */; };
		B1ED69CC1FD18C520009662A /* LastPageViewController.swift in Sources */ = {isa = PBXBuildFile; fileRef = B1ED69CB1FD18C520009662A /* LastPageViewController.swift */; };
		B1F302421FD3D0F8003A89E7 /* HTTPRequest.swift in Sources */ = {isa = PBXBuildFile; fileRef = B1F302411FD3D0F8003A89E7 /* HTTPRequest.swift */; };
		B1F302441FD3D4A4003A89E7 /* CategoriesNetworking.swift in Sources */ = {isa = PBXBuildFile; fileRef = B1F302431FD3D4A4003A89E7 /* CategoriesNetworking.swift */; };
		B1F302461FD3D4E5003A89E7 /* CategoriesModel.swift in Sources */ = {isa = PBXBuildFile; fileRef = B1F302451FD3D4E5003A89E7 /* CategoriesModel.swift */; };
		B1F302481FD3D648003A89E7 /* ResultsModel.swift in Sources */ = {isa = PBXBuildFile; fileRef = B1F302471FD3D648003A89E7 /* ResultsModel.swift */; };
		B1F3024A1FD3D750003A89E7 /* ScheduleModel.swift in Sources */ = {isa = PBXBuildFile; fileRef = B1F302491FD3D750003A89E7 /* ScheduleModel.swift */; };
		B1F3024C1FD3DA17003A89E7 /* WorkshopsModel.swift in Sources */ = {isa = PBXBuildFile; fileRef = B1F3024B1FD3DA17003A89E7 /* WorkshopsModel.swift */; };
/* End PBXBuildFile section */

/* Begin PBXFileReference section */
		13146CD48AE8724EE7AABC10 /* Pods-Revels-18.debug.xcconfig */ = {isa = PBXFileReference; includeInIndex = 1; lastKnownFileType = text.xcconfig; name = "Pods-Revels-18.debug.xcconfig"; path = "Pods/Target Support Files/Pods-Revels-18/Pods-Revels-18.debug.xcconfig"; sourceTree = "<group>"; };
		8002BEA00B4CDA944CE12E13 /* Pods-Revels-18.release.xcconfig */ = {isa = PBXFileReference; includeInIndex = 1; lastKnownFileType = text.xcconfig; name = "Pods-Revels-18.release.xcconfig"; path = "Pods/Target Support Files/Pods-Revels-18/Pods-Revels-18.release.xcconfig"; sourceTree = "<group>"; };
		9F3169E0A72D3AC9F0C64F1E /* Pods_Revels_18.framework */ = {isa = PBXFileReference; explicitFileType = wrapper.framework; includeInIndex = 0; path = Pods_Revels_18.framework; sourceTree = BUILT_PRODUCTS_DIR; };
		B10141EC1FDD06C40048B540 /* HomePage.swift */ = {isa = PBXFileReference; lastKnownFileType = sourcecode.swift; path = HomePage.swift; sourceTree = "<group>"; };
		B1044B811FE24986001141B7 /* Media.xcassets */ = {isa = PBXFileReference; lastKnownFileType = folder.assetcatalog; path = Media.xcassets; sourceTree = "<group>"; };
		B111C98C1FD31C95005DB863 /* CacheCheck.swift */ = {isa = PBXFileReference; lastKnownFileType = sourcecode.swift; path = CacheCheck.swift; sourceTree = "<group>"; };
		B12C152C1FE4E14D0062461F /* HomeHeaderCell.swift */ = {isa = PBXFileReference; lastKnownFileType = sourcecode.swift; path = HomeHeaderCell.swift; sourceTree = "<group>"; };
		B12C152E1FE5753A0062461F /* DevelopersPage.swift */ = {isa = PBXFileReference; lastKnownFileType = sourcecode.swift; path = DevelopersPage.swift; sourceTree = "<group>"; };
		B12C15301FE5757E0062461F /* DevelopersModel.swift */ = {isa = PBXFileReference; lastKnownFileType = sourcecode.swift; path = DevelopersModel.swift; sourceTree = "<group>"; };
		B12C15321FE578AF0062461F /* DeveloperCell.swift */ = {isa = PBXFileReference; lastKnownFileType = sourcecode.swift; path = DeveloperCell.swift; sourceTree = "<group>"; };
		B13787731FD28A8C00B7120D /* AboutViewCell.swift */ = {isa = PBXFileReference; lastKnownFileType = sourcecode.swift; path = AboutViewCell.swift; sourceTree = "<group>"; };
		B14DB3731FEDF5310065CDD8 /* CategoriesPage.swift */ = {isa = PBXFileReference; lastKnownFileType = sourcecode.swift; path = CategoriesPage.swift; sourceTree = "<group>"; };
		B15814E51FF8C99D00A362D7 /* EmptyView.xib */ = {isa = PBXFileReference; lastKnownFileType = file.xib; path = EmptyView.xib; sourceTree = "<group>"; };
		B15814E71FF8C9B500A362D7 /* NoInternetView.xib */ = {isa = PBXFileReference; lastKnownFileType = file.xib; path = NoInternetView.xib; sourceTree = "<group>"; };
		B163159B1FDFAB2400D2B428 /* ResultsPage.swift */ = {isa = PBXFileReference; lastKnownFileType = sourcecode.swift; path = ResultsPage.swift; sourceTree = "<group>"; };
		B17E7E331FF87823009F3950 /* InstaCell.xib */ = {isa = PBXFileReference; lastKnownFileType = file.xib; path = InstaCell.xib; sourceTree = "<group>"; };
		B18FF85F1FDC0A3300BC47E7 /* NewHomeViewCell.swift */ = {isa = PBXFileReference; lastKnownFileType = sourcecode.swift; path = NewHomeViewCell.swift; sourceTree = "<group>"; };
		B196F2FD1FD592BF0004ECB3 /* ScheduleNetworking.swift */ = {isa = PBXFileReference; lastKnownFileType = sourcecode.swift; path = ScheduleNetworking.swift; sourceTree = "<group>"; };
		B196F3011FD597F00004ECB3 /* SchedulePage.swift */ = {isa = PBXFileReference; lastKnownFileType = sourcecode.swift; path = SchedulePage.swift; sourceTree = "<group>"; };
		B1993B7C1FE3EEB30036EA66 /* ViewController.swift */ = {isa = PBXFileReference; lastKnownFileType = sourcecode.swift; path = ViewController.swift; sourceTree = "<group>"; };
		B1A736E11FD0275C0089CF78 /* LandingPageViewController.swift */ = {isa = PBXFileReference; lastKnownFileType = sourcecode.swift; path = LandingPageViewController.swift; sourceTree = "<group>"; };
		B1B685AF1FD0EEDB002EC13F /* EventsNetworking.swift */ = {isa = PBXFileReference; lastKnownFileType = sourcecode.swift; path = EventsNetworking.swift; sourceTree = "<group>"; };
		B1BB5CAE1FDFF9DC00FE2CC3 /* ResultsCell.swift */ = {isa = PBXFileReference; lastKnownFileType = sourcecode.swift; path = ResultsCell.swift; sourceTree = "<group>"; };
		B1BB5CB01FE00A7A00FE2CC3 /* ResultsNetworking.swift */ = {isa = PBXFileReference; lastKnownFileType = sourcecode.swift; path = ResultsNetworking.swift; sourceTree = "<group>"; };
		B1C4EEA01FDAD52900D6359D /* HomeViewCell.swift */ = {isa = PBXFileReference; lastKnownFileType = sourcecode.swift; path = HomeViewCell.swift; sourceTree = "<group>"; };
		B1D3CB7A1FCEB55300E8AD7A /* Revels-18.app */ = {isa = PBXFileReference; explicitFileType = wrapper.application; includeInIndex = 0; path = "Revels-18.app"; sourceTree = BUILT_PRODUCTS_DIR; };
		B1D3CB7D1FCEB55300E8AD7A /* AppDelegate.swift */ = {isa = PBXFileReference; lastKnownFileType = sourcecode.swift; path = AppDelegate.swift; sourceTree = "<group>"; };
		B1D3CB821FCEB55300E8AD7A /* Base */ = {isa = PBXFileReference; lastKnownFileType = file.storyboard; name = Base; path = Base.lproj/Main.storyboard; sourceTree = "<group>"; };
		B1D3CB851FCEB55300E8AD7A /* Revels_18.xcdatamodel */ = {isa = PBXFileReference; lastKnownFileType = wrapper.xcdatamodel; path = Revels_18.xcdatamodel; sourceTree = "<group>"; };
		B1D3CB8A1FCEB55300E8AD7A /* Base */ = {isa = PBXFileReference; lastKnownFileType = file.storyboard; name = Base; path = Base.lproj/LaunchScreen.storyboard; sourceTree = "<group>"; };
		B1D3CB8C1FCEB55300E8AD7A /* Info.plist */ = {isa = PBXFileReference; lastKnownFileType = text.plist.xml; path = Info.plist; sourceTree = "<group>"; };
		B1DC0D601FD0E46A0041DBB9 /* EventsModel.swift */ = {isa = PBXFileReference; lastKnownFileType = sourcecode.swift; path = EventsModel.swift; sourceTree = "<group>"; };
		B1E49F1A1FD66AFD00521661 /* ScheduleCell.swift */ = {isa = PBXFileReference; lastKnownFileType = sourcecode.swift; path = ScheduleCell.swift; sourceTree = "<group>"; };
		B1E49F1C1FD6C01B00521661 /* AboutRevelsPage.swift */ = {isa = PBXFileReference; lastKnownFileType = sourcecode.swift; path = AboutRevelsPage.swift; sourceTree = "<group>"; };
		B1ED69CB1FD18C520009662A /* LastPageViewController.swift */ = {isa = PBXFileReference; lastKnownFileType = sourcecode.swift; path = LastPageViewController.swift; sourceTree = "<group>"; };
		B1F302411FD3D0F8003A89E7 /* HTTPRequest.swift */ = {isa = PBXFileReference; lastKnownFileType = sourcecode.swift; path = HTTPRequest.swift; sourceTree = "<group>"; };
		B1F302431FD3D4A4003A89E7 /* CategoriesNetworking.swift */ = {isa = PBXFileReference; lastKnownFileType = sourcecode.swift; name = CategoriesNetworking.swift; path = ../Model/CategoriesNetworking.swift; sourceTree = "<group>"; };
		B1F302451FD3D4E5003A89E7 /* CategoriesModel.swift */ = {isa = PBXFileReference; lastKnownFileType = sourcecode.swift; path = CategoriesModel.swift; sourceTree = "<group>"; };
		B1F302471FD3D648003A89E7 /* ResultsModel.swift */ = {isa = PBXFileReference; lastKnownFileType = sourcecode.swift; path = ResultsModel.swift; sourceTree = "<group>"; };
		B1F302491FD3D750003A89E7 /* ScheduleModel.swift */ = {isa = PBXFileReference; lastKnownFileType = sourcecode.swift; path = ScheduleModel.swift; sourceTree = "<group>"; };
		B1F3024B1FD3DA17003A89E7 /* WorkshopsModel.swift */ = {isa = PBXFileReference; lastKnownFileType = sourcecode.swift; path = WorkshopsModel.swift; sourceTree = "<group>"; };
/* End PBXFileReference section */

/* Begin PBXFrameworksBuildPhase section */
		B1D3CB771FCEB55300E8AD7A /* Frameworks */ = {
			isa = PBXFrameworksBuildPhase;
			buildActionMask = 2147483647;
			files = (
				37A44E69D6A8026C27B2BC26 /* Pods_Revels_18.framework in Frameworks */,
			);
			runOnlyForDeploymentPostprocessing = 0;
		};
/* End PBXFrameworksBuildPhase section */

/* Begin PBXGroup section */
		5B88C5CD3BB3575F7DC7CED8 /* Frameworks */ = {
			isa = PBXGroup;
			children = (
				9F3169E0A72D3AC9F0C64F1E /* Pods_Revels_18.framework */,
			);
			name = Frameworks;
			sourceTree = "<group>";
		};
		B111C98B1FD31C73005DB863 /* CoreData */ = {
			isa = PBXGroup;
			children = (
				B111C98C1FD31C95005DB863 /* CacheCheck.swift */,
			);
			path = CoreData;
			sourceTree = "<group>";
		};
		B137876E1FD284CD00B7120D /* LandingPage */ = {
			isa = PBXGroup;
			children = (
				B1A736E11FD0275C0089CF78 /* LandingPageViewController.swift */,
				B1ED69CB1FD18C520009662A /* LastPageViewController.swift */,
			);
			path = LandingPage;
			sourceTree = "<group>";
		};
		B17E7E351FF87C97009F3950 /* NIB Files */ = {
			isa = PBXGroup;
			children = (
				B17E7E331FF87823009F3950 /* InstaCell.xib */,
				B15814E51FF8C99D00A362D7 /* EmptyView.xib */,
				B15814E71FF8C9B500A362D7 /* NoInternetView.xib */,
			);
			path = "NIB Files";
			sourceTree = "<group>";
		};
		B1993B7B1FE3ED200036EA66 /* Extensions */ = {
			isa = PBXGroup;
			children = (
				B1993B7C1FE3EEB30036EA66 /* ViewController.swift */,
			);
			path = Extensions;
			sourceTree = "<group>";
		};
		B1D3CB711FCEB55300E8AD7A = {
			isa = PBXGroup;
			children = (
				B1D3CB7C1FCEB55300E8AD7A /* Revels'18 */,
				B1D3CB7B1FCEB55300E8AD7A /* Products */,
				D52AD90E7A1E2A16BB664FA2 /* Pods */,
				5B88C5CD3BB3575F7DC7CED8 /* Frameworks */,
			);
			sourceTree = "<group>";
		};
		B1D3CB7B1FCEB55300E8AD7A /* Products */ = {
			isa = PBXGroup;
			children = (
				B1D3CB7A1FCEB55300E8AD7A /* Revels-18.app */,
			);
			name = Products;
			sourceTree = "<group>";
		};
		B1D3CB7C1FCEB55300E8AD7A /* Revels'18 */ = {
			isa = PBXGroup;
			children = (
				B1993B7B1FE3ED200036EA66 /* Extensions */,
				B1D3CB981FCEB94500E8AD7A /* Model */,
				B1D3CB971FCEB93F00E8AD7A /* View */,
				B1D3CB961FCEB92E00E8AD7A /* Controller */,
				B111C98B1FD31C73005DB863 /* CoreData */,
				B1D3CB931FCEB58D00E8AD7A /* Networking */,
				B137876E1FD284CD00B7120D /* LandingPage */,
				B17E7E351FF87C97009F3950 /* NIB Files */,
				B1D3CB921FCEB56F00E8AD7A /* Other */,
				B1D3CB8C1FCEB55300E8AD7A /* Info.plist */,
				B1D3CB811FCEB55300E8AD7A /* Main.storyboard */,
				B1044B811FE24986001141B7 /* Media.xcassets */,
			);
			path = "Revels'18";
			sourceTree = "<group>";
		};
		B1D3CB921FCEB56F00E8AD7A /* Other */ = {
			isa = PBXGroup;
			children = (
				B1D3CB7D1FCEB55300E8AD7A /* AppDelegate.swift */,
				B1D3CB891FCEB55300E8AD7A /* LaunchScreen.storyboard */,
				B1D3CB841FCEB55300E8AD7A /* Revels_18.xcdatamodeld */,
			);
			path = Other;
			sourceTree = "<group>";
		};
		B1D3CB931FCEB58D00E8AD7A /* Networking */ = {
			isa = PBXGroup;
			children = (
				B1B685AF1FD0EEDB002EC13F /* EventsNetworking.swift */,
				B1F302431FD3D4A4003A89E7 /* CategoriesNetworking.swift */,
				B196F2FD1FD592BF0004ECB3 /* ScheduleNetworking.swift */,
				B1BB5CB01FE00A7A00FE2CC3 /* ResultsNetworking.swift */,
				B1F302411FD3D0F8003A89E7 /* HTTPRequest.swift */,
			);
			path = Networking;
			sourceTree = "<group>";
		};
		B1D3CB961FCEB92E00E8AD7A /* Controller */ = {
			isa = PBXGroup;
			children = (
				B10141EC1FDD06C40048B540 /* HomePage.swift */,
				B196F3011FD597F00004ECB3 /* SchedulePage.swift */,
				B14DB3731FEDF5310065CDD8 /* CategoriesPage.swift */,
				B163159B1FDFAB2400D2B428 /* ResultsPage.swift */,
				B1E49F1C1FD6C01B00521661 /* AboutRevelsPage.swift */,
				B12C152E1FE5753A0062461F /* DevelopersPage.swift */,
			);
			path = Controller;
			sourceTree = "<group>";
		};
		B1D3CB971FCEB93F00E8AD7A /* View */ = {
			isa = PBXGroup;
			children = (
				B1C4EEA01FDAD52900D6359D /* HomeViewCell.swift */,
				B1E49F1A1FD66AFD00521661 /* ScheduleCell.swift */,
				B18FF85F1FDC0A3300BC47E7 /* NewHomeViewCell.swift */,
				B1BB5CAE1FDFF9DC00FE2CC3 /* ResultsCell.swift */,
				B13787731FD28A8C00B7120D /* AboutViewCell.swift */,
				B12C152C1FE4E14D0062461F /* HomeHeaderCell.swift */,
				B12C15321FE578AF0062461F /* DeveloperCell.swift */,
			);
			path = View;
			sourceTree = "<group>";
		};
		B1D3CB981FCEB94500E8AD7A /* Model */ = {
			isa = PBXGroup;
			children = (
				B1DC0D601FD0E46A0041DBB9 /* EventsModel.swift */,
				B1F302451FD3D4E5003A89E7 /* CategoriesModel.swift */,
				B1F302471FD3D648003A89E7 /* ResultsModel.swift */,
				B1F302491FD3D750003A89E7 /* ScheduleModel.swift */,
				B1F3024B1FD3DA17003A89E7 /* WorkshopsModel.swift */,
				B12C15301FE5757E0062461F /* DevelopersModel.swift */,
			);
			path = Model;
			sourceTree = "<group>";
		};
		D52AD90E7A1E2A16BB664FA2 /* Pods */ = {
			isa = PBXGroup;
			children = (
				13146CD48AE8724EE7AABC10 /* Pods-Revels-18.debug.xcconfig */,
				8002BEA00B4CDA944CE12E13 /* Pods-Revels-18.release.xcconfig */,
			);
			name = Pods;
			sourceTree = "<group>";
		};
/* End PBXGroup section */

/* Begin PBXNativeTarget section */
		B1D3CB791FCEB55300E8AD7A /* Revels-18 */ = {
			isa = PBXNativeTarget;
			buildConfigurationList = B1D3CB8F1FCEB55300E8AD7A /* Build configuration list for PBXNativeTarget "Revels-18" */;
			buildPhases = (
				BC9B6B64785ECE7DFC50D2D7 /* [CP] Check Pods Manifest.lock */,
				B1D3CB761FCEB55300E8AD7A /* Sources */,
				B1D3CB771FCEB55300E8AD7A /* Frameworks */,
				B1D3CB781FCEB55300E8AD7A /* Resources */,
				BA1C307F254D38C04955BDDC /* [CP] Embed Pods Frameworks */,
				80CCF24B0FFDA58DF3C5BAF7 /* [CP] Copy Pods Resources */,
			);
			buildRules = (
			);
			dependencies = (
			);
			name = "Revels-18";
			productName = "Revels'18";
			productReference = B1D3CB7A1FCEB55300E8AD7A /* Revels-18.app */;
			productType = "com.apple.product-type.application";
		};
/* End PBXNativeTarget section */

/* Begin PBXProject section */
		B1D3CB721FCEB55300E8AD7A /* Project object */ = {
			isa = PBXProject;
			attributes = {
				LastSwiftUpdateCheck = 0900;
				LastUpgradeCheck = 0900;
				ORGANIZATIONNAME = "Shreyas Aiyar";
				TargetAttributes = {
					B1D3CB791FCEB55300E8AD7A = {
						CreatedOnToolsVersion = 9.0.1;
						LastSwiftMigration = 0920;
						ProvisioningStyle = Automatic;
					};
				};
			};
			buildConfigurationList = B1D3CB751FCEB55300E8AD7A /* Build configuration list for PBXProject "Revels-18" */;
			compatibilityVersion = "Xcode 8.0";
			developmentRegion = en;
			hasScannedForEncodings = 0;
			knownRegions = (
				en,
				Base,
			);
			mainGroup = B1D3CB711FCEB55300E8AD7A;
			productRefGroup = B1D3CB7B1FCEB55300E8AD7A /* Products */;
			projectDirPath = "";
			projectRoot = "";
			targets = (
				B1D3CB791FCEB55300E8AD7A /* Revels-18 */,
			);
		};
/* End PBXProject section */

/* Begin PBXResourcesBuildPhase section */
		B1D3CB781FCEB55300E8AD7A /* Resources */ = {
			isa = PBXResourcesBuildPhase;
			buildActionMask = 2147483647;
			files = (
				B15814E81FF8C9B500A362D7 /* NoInternetView.xib in Resources */,
				B1D3CB8B1FCEB55300E8AD7A /* LaunchScreen.storyboard in Resources */,
				B17E7E341FF87823009F3950 /* InstaCell.xib in Resources */,
				B1044B821FE24986001141B7 /* Media.xcassets in Resources */,
				B1D3CB831FCEB55300E8AD7A /* Main.storyboard in Resources */,
				B15814E61FF8C99D00A362D7 /* EmptyView.xib in Resources */,
			);
			runOnlyForDeploymentPostprocessing = 0;
		};
/* End PBXResourcesBuildPhase section */

/* Begin PBXShellScriptBuildPhase section */
		80CCF24B0FFDA58DF3C5BAF7 /* [CP] Copy Pods Resources */ = {
			isa = PBXShellScriptBuildPhase;
			buildActionMask = 2147483647;
			files = (
			);
			inputPaths = (
			);
			name = "[CP] Copy Pods Resources";
			outputPaths = (
			);
			runOnlyForDeploymentPostprocessing = 0;
			shellPath = /bin/sh;
			shellScript = "\"${SRCROOT}/Pods/Target Support Files/Pods-Revels-18/Pods-Revels-18-resources.sh\"\n";
			showEnvVarsInLog = 0;
		};
		BA1C307F254D38C04955BDDC /* [CP] Embed Pods Frameworks */ = {
			isa = PBXShellScriptBuildPhase;
			buildActionMask = 2147483647;
			files = (
			);
			inputPaths = (
				"${SRCROOT}/Pods/Target Support Files/Pods-Revels-18/Pods-Revels-18-frameworks.sh",
				"${BUILT_PRODUCTS_DIR}/NVActivityIndicatorView/NVActivityIndicatorView.framework",
			);
			name = "[CP] Embed Pods Frameworks";
			outputPaths = (
				"${TARGET_BUILD_DIR}/${FRAMEWORKS_FOLDER_PATH}/NVActivityIndicatorView.framework",
			);
			runOnlyForDeploymentPostprocessing = 0;
			shellPath = /bin/sh;
			shellScript = "\"${SRCROOT}/Pods/Target Support Files/Pods-Revels-18/Pods-Revels-18-frameworks.sh\"\n";
			showEnvVarsInLog = 0;
		};
		BC9B6B64785ECE7DFC50D2D7 /* [CP] Check Pods Manifest.lock */ = {
			isa = PBXShellScriptBuildPhase;
			buildActionMask = 2147483647;
			files = (
			);
			inputPaths = (
				"${PODS_PODFILE_DIR_PATH}/Podfile.lock",
				"${PODS_ROOT}/Manifest.lock",
			);
			name = "[CP] Check Pods Manifest.lock";
			outputPaths = (
				"$(DERIVED_FILE_DIR)/Pods-Revels-18-checkManifestLockResult.txt",
			);
			runOnlyForDeploymentPostprocessing = 0;
			shellPath = /bin/sh;
			shellScript = "diff \"${PODS_PODFILE_DIR_PATH}/Podfile.lock\" \"${PODS_ROOT}/Manifest.lock\" > /dev/null\nif [ $? != 0 ] ; then\n    # print error to STDERR\n    echo \"error: The sandbox is not in sync with the Podfile.lock. Run 'pod install' or update your CocoaPods installation.\" >&2\n    exit 1\nfi\n# This output is used by Xcode 'outputs' to avoid re-running this script phase.\necho \"SUCCESS\" > \"${SCRIPT_OUTPUT_FILE_0}\"\n";
			showEnvVarsInLog = 0;
		};
/* End PBXShellScriptBuildPhase section */

/* Begin PBXSourcesBuildPhase section */
		B1D3CB761FCEB55300E8AD7A /* Sources */ = {
			isa = PBXSourcesBuildPhase;
			buildActionMask = 2147483647;
			files = (
				B12C15331FE578AF0062461F /* DeveloperCell.swift in Sources */,
				B14DB3741FEDF5310065CDD8 /* CategoriesPage.swift in Sources */,
				B1F302461FD3D4E5003A89E7 /* CategoriesModel.swift in Sources */,
				B1F302441FD3D4A4003A89E7 /* CategoriesNetworking.swift in Sources */,
				B1F3024C1FD3DA17003A89E7 /* WorkshopsModel.swift in Sources */,
				B18FF8601FDC0A3300BC47E7 /* NewHomeViewCell.swift in Sources */,
				B1A736E21FD0275C0089CF78 /* LandingPageViewController.swift in Sources */,
				B1E49F1D1FD6C01B00521661 /* AboutRevelsPage.swift in Sources */,
				B163159C1FDFAB2400D2B428 /* ResultsPage.swift in Sources */,
				B111C98D1FD31C95005DB863 /* CacheCheck.swift in Sources */,
				B1D3CB861FCEB55300E8AD7A /* Revels_18.xcdatamodeld in Sources */,
				B1DC0D611FD0E46A0041DBB9 /* EventsModel.swift in Sources */,
				B196F3021FD597F00004ECB3 /* SchedulePage.swift in Sources */,
				B1D3CB7E1FCEB55300E8AD7A /* AppDelegate.swift in Sources */,
				B1B685B01FD0EEDB002EC13F /* EventsNetworking.swift in Sources */,
				B196F2FE1FD592BF0004ECB3 /* ScheduleNetworking.swift in Sources */,
				B1ED69CC1FD18C520009662A /* LastPageViewController.swift in Sources */,
				B1F302481FD3D648003A89E7 /* ResultsModel.swift in Sources */,
				B1C4EEA11FDAD52900D6359D /* HomeViewCell.swift in Sources */,
				B1993B7D1FE3EEB30036EA66 /* ViewController.swift in Sources */,
				B10141ED1FDD06C40048B540 /* HomePage.swift in Sources */,
				B1F3024A1FD3D750003A89E7 /* ScheduleModel.swift in Sources */,
				B12C152F1FE5753A0062461F /* DevelopersPage.swift in Sources */,
				B1F302421FD3D0F8003A89E7 /* HTTPRequest.swift in Sources */,
				B1E49F1B1FD66AFD00521661 /* ScheduleCell.swift in Sources */,
				B1BB5CAF1FDFF9DC00FE2CC3 /* ResultsCell.swift in Sources */,
				B1BB5CB11FE00A7A00FE2CC3 /* ResultsNetworking.swift in Sources */,
				B12C152D1FE4E14D0062461F /* HomeHeaderCell.swift in Sources */,
				B13787741FD28A8C00B7120D /* AboutViewCell.swift in Sources */,
				B12C15311FE5757E0062461F /* DevelopersModel.swift in Sources */,
			);
			runOnlyForDeploymentPostprocessing = 0;
		};
/* End PBXSourcesBuildPhase section */

/* Begin PBXVariantGroup section */
		B1D3CB811FCEB55300E8AD7A /* Main.storyboard */ = {
			isa = PBXVariantGroup;
			children = (
				B1D3CB821FCEB55300E8AD7A /* Base */,
			);
			name = Main.storyboard;
			sourceTree = "<group>";
		};
		B1D3CB891FCEB55300E8AD7A /* LaunchScreen.storyboard */ = {
			isa = PBXVariantGroup;
			children = (
				B1D3CB8A1FCEB55300E8AD7A /* Base */,
			);
			name = LaunchScreen.storyboard;
			sourceTree = "<group>";
		};
/* End PBXVariantGroup section */

/* Begin XCBuildConfiguration section */
		B1D3CB8D1FCEB55300E8AD7A /* Debug */ = {
			isa = XCBuildConfiguration;
			buildSettings = {
				ALWAYS_SEARCH_USER_PATHS = NO;
				CLANG_ANALYZER_NONNULL = YES;
				CLANG_ANALYZER_NUMBER_OBJECT_CONVERSION = YES_AGGRESSIVE;
				CLANG_CXX_LANGUAGE_STANDARD = "gnu++14";
				CLANG_CXX_LIBRARY = "libc++";
				CLANG_ENABLE_MODULES = YES;
				CLANG_ENABLE_OBJC_ARC = YES;
				CLANG_WARN_BLOCK_CAPTURE_AUTORELEASING = YES;
				CLANG_WARN_BOOL_CONVERSION = YES;
				CLANG_WARN_COMMA = YES;
				CLANG_WARN_CONSTANT_CONVERSION = YES;
				CLANG_WARN_DIRECT_OBJC_ISA_USAGE = YES_ERROR;
				CLANG_WARN_DOCUMENTATION_COMMENTS = YES;
				CLANG_WARN_EMPTY_BODY = YES;
				CLANG_WARN_ENUM_CONVERSION = YES;
				CLANG_WARN_INFINITE_RECURSION = YES;
				CLANG_WARN_INT_CONVERSION = YES;
				CLANG_WARN_NON_LITERAL_NULL_CONVERSION = YES;
				CLANG_WARN_OBJC_LITERAL_CONVERSION = YES;
				CLANG_WARN_OBJC_ROOT_CLASS = YES_ERROR;
				CLANG_WARN_RANGE_LOOP_ANALYSIS = YES;
				CLANG_WARN_STRICT_PROTOTYPES = YES;
				CLANG_WARN_SUSPICIOUS_MOVE = YES;
				CLANG_WARN_UNGUARDED_AVAILABILITY = YES_AGGRESSIVE;
				CLANG_WARN_UNREACHABLE_CODE = YES;
				CLANG_WARN__DUPLICATE_METHOD_MATCH = YES;
				CODE_SIGN_IDENTITY = "iPhone Developer";
				COPY_PHASE_STRIP = NO;
				DEBUG_INFORMATION_FORMAT = dwarf;
				ENABLE_STRICT_OBJC_MSGSEND = YES;
				ENABLE_TESTABILITY = YES;
				GCC_C_LANGUAGE_STANDARD = gnu11;
				GCC_DYNAMIC_NO_PIC = NO;
				GCC_NO_COMMON_BLOCKS = YES;
				GCC_OPTIMIZATION_LEVEL = 0;
				GCC_PREPROCESSOR_DEFINITIONS = (
					"DEBUG=1",
					"$(inherited)",
				);
				GCC_WARN_64_TO_32_BIT_CONVERSION = YES;
				GCC_WARN_ABOUT_RETURN_TYPE = YES_ERROR;
				GCC_WARN_UNDECLARED_SELECTOR = YES;
				GCC_WARN_UNINITIALIZED_AUTOS = YES_AGGRESSIVE;
				GCC_WARN_UNUSED_FUNCTION = YES;
				GCC_WARN_UNUSED_VARIABLE = YES;
				IPHONEOS_DEPLOYMENT_TARGET = 11.0;
				MTL_ENABLE_DEBUG_INFO = YES;
				ONLY_ACTIVE_ARCH = YES;
				SDKROOT = iphoneos;
				SWIFT_ACTIVE_COMPILATION_CONDITIONS = DEBUG;
				SWIFT_OPTIMIZATION_LEVEL = "-Onone";
			};
			name = Debug;
		};
		B1D3CB8E1FCEB55300E8AD7A /* Release */ = {
			isa = XCBuildConfiguration;
			buildSettings = {
				ALWAYS_SEARCH_USER_PATHS = NO;
				CLANG_ANALYZER_NONNULL = YES;
				CLANG_ANALYZER_NUMBER_OBJECT_CONVERSION = YES_AGGRESSIVE;
				CLANG_CXX_LANGUAGE_STANDARD = "gnu++14";
				CLANG_CXX_LIBRARY = "libc++";
				CLANG_ENABLE_MODULES = YES;
				CLANG_ENABLE_OBJC_ARC = YES;
				CLANG_WARN_BLOCK_CAPTURE_AUTORELEASING = YES;
				CLANG_WARN_BOOL_CONVERSION = YES;
				CLANG_WARN_COMMA = YES;
				CLANG_WARN_CONSTANT_CONVERSION = YES;
				CLANG_WARN_DIRECT_OBJC_ISA_USAGE = YES_ERROR;
				CLANG_WARN_DOCUMENTATION_COMMENTS = YES;
				CLANG_WARN_EMPTY_BODY = YES;
				CLANG_WARN_ENUM_CONVERSION = YES;
				CLANG_WARN_INFINITE_RECURSION = YES;
				CLANG_WARN_INT_CONVERSION = YES;
				CLANG_WARN_NON_LITERAL_NULL_CONVERSION = YES;
				CLANG_WARN_OBJC_LITERAL_CONVERSION = YES;
				CLANG_WARN_OBJC_ROOT_CLASS = YES_ERROR;
				CLANG_WARN_RANGE_LOOP_ANALYSIS = YES;
				CLANG_WARN_STRICT_PROTOTYPES = YES;
				CLANG_WARN_SUSPICIOUS_MOVE = YES;
				CLANG_WARN_UNGUARDED_AVAILABILITY = YES_AGGRESSIVE;
				CLANG_WARN_UNREACHABLE_CODE = YES;
				CLANG_WARN__DUPLICATE_METHOD_MATCH = YES;
				CODE_SIGN_IDENTITY = "iPhone Developer";
				COPY_PHASE_STRIP = NO;
				DEBUG_INFORMATION_FORMAT = "dwarf-with-dsym";
				ENABLE_NS_ASSERTIONS = NO;
				ENABLE_STRICT_OBJC_MSGSEND = YES;
				GCC_C_LANGUAGE_STANDARD = gnu11;
				GCC_NO_COMMON_BLOCKS = YES;
				GCC_WARN_64_TO_32_BIT_CONVERSION = YES;
				GCC_WARN_ABOUT_RETURN_TYPE = YES_ERROR;
				GCC_WARN_UNDECLARED_SELECTOR = YES;
				GCC_WARN_UNINITIALIZED_AUTOS = YES_AGGRESSIVE;
				GCC_WARN_UNUSED_FUNCTION = YES;
				GCC_WARN_UNUSED_VARIABLE = YES;
				IPHONEOS_DEPLOYMENT_TARGET = 11.0;
				MTL_ENABLE_DEBUG_INFO = NO;
				SDKROOT = iphoneos;
				SWIFT_OPTIMIZATION_LEVEL = "-Owholemodule";
				VALIDATE_PRODUCT = YES;
			};
			name = Release;
		};
		B1D3CB901FCEB55300E8AD7A /* Debug */ = {
			isa = XCBuildConfiguration;
			baseConfigurationReference = 13146CD48AE8724EE7AABC10 /* Pods-Revels-18.debug.xcconfig */;
			buildSettings = {
				ASSETCATALOG_COMPILER_APPICON_NAME = AppIcon;
				CODE_SIGN_STYLE = Automatic;
				DEVELOPMENT_TEAM = 5326B8B5XG;
				INFOPLIST_FILE = "Revels'18/Info.plist";
				IPHONEOS_DEPLOYMENT_TARGET = 10.0;
				LD_RUNPATH_SEARCH_PATHS = "$(inherited) @executable_path/Frameworks";
				PRODUCT_BUNDLE_IDENTIFIER = "Manipal.Revels-18";
				PRODUCT_NAME = "$(TARGET_NAME)";
				SWIFT_VERSION = 3.0;
				TARGETED_DEVICE_FAMILY = 1;
			};
			name = Debug;
		};
		B1D3CB911FCEB55300E8AD7A /* Release */ = {
			isa = XCBuildConfiguration;
			baseConfigurationReference = 8002BEA00B4CDA944CE12E13 /* Pods-Revels-18.release.xcconfig */;
			buildSettings = {
				ASSETCATALOG_COMPILER_APPICON_NAME = AppIcon;
				CODE_SIGN_STYLE = Automatic;
				DEVELOPMENT_TEAM = 5326B8B5XG;
				INFOPLIST_FILE = "Revels'18/Info.plist";
				IPHONEOS_DEPLOYMENT_TARGET = 10.0;
				LD_RUNPATH_SEARCH_PATHS = "$(inherited) @executable_path/Frameworks";
				PRODUCT_BUNDLE_IDENTIFIER = "Manipal.Revels-18";
				PRODUCT_NAME = "$(TARGET_NAME)";
				SWIFT_VERSION = 3.0;
				TARGETED_DEVICE_FAMILY = 1;
			};
			name = Release;
		};
/* End XCBuildConfiguration section */

/* Begin XCConfigurationList section */
		B1D3CB751FCEB55300E8AD7A /* Build configuration list for PBXProject "Revels-18" */ = {
			isa = XCConfigurationList;
			buildConfigurations = (
				B1D3CB8D1FCEB55300E8AD7A /* Debug */,
				B1D3CB8E1FCEB55300E8AD7A /* Release */,
			);
			defaultConfigurationIsVisible = 0;
			defaultConfigurationName = Release;
		};
		B1D3CB8F1FCEB55300E8AD7A /* Build configuration list for PBXNativeTarget "Revels-18" */ = {
			isa = XCConfigurationList;
			buildConfigurations = (
				B1D3CB901FCEB55300E8AD7A /* Debug */,
				B1D3CB911FCEB55300E8AD7A /* Release */,
			);
			defaultConfigurationIsVisible = 0;
			defaultConfigurationName = Release;
		};
/* End XCConfigurationList section */

/* Begin XCVersionGroup section */
		B1D3CB841FCEB55300E8AD7A /* Revels_18.xcdatamodeld */ = {
			isa = XCVersionGroup;
			children = (
				B1D3CB851FCEB55300E8AD7A /* Revels_18.xcdatamodel */,
			);
			currentVersion = B1D3CB851FCEB55300E8AD7A /* Revels_18.xcdatamodel */;
			path = Revels_18.xcdatamodeld;
			sourceTree = "<group>";
			versionGroupType = wrapper.xcdatamodel;
		};
/* End XCVersionGroup section */
	};
	rootObject = B1D3CB721FCEB55300E8AD7A /* Project object */;
}
